// !$*UTF8*$!
{
	archiveVersion = 1;
	classes = {
	};
	objectVersion = 46;
	objects = {

/* Begin PBXBuildFile section */
		9B8D6FB413CF642600CFAECC /* UIKit.framework in Frameworks */ = {isa = PBXBuildFile; fileRef = 9B8D6FB313CF642600CFAECC /* UIKit.framework */; };
		9B8D6FB613CF642600CFAECC /* Foundation.framework in Frameworks */ = {isa = PBXBuildFile; fileRef = 9B8D6FB513CF642600CFAECC /* Foundation.framework */; };
		9B8D6FB813CF642600CFAECC /* CoreGraphics.framework in Frameworks */ = {isa = PBXBuildFile; fileRef = 9B8D6FB713CF642600CFAECC /* CoreGraphics.framework */; };
		9B8D6FBE13CF642600CFAECC /* InfoPlist.strings in Resources */ = {isa = PBXBuildFile; fileRef = 9B8D6FBC13CF642600CFAECC /* InfoPlist.strings */; };
		9B8D6FC113CF642600CFAECC /* main.m in Sources */ = {isa = PBXBuildFile; fileRef = 9B8D6FC013CF642600CFAECC /* main.m */; };
		9B8D6FC713CF642600CFAECC /* MainWindow.xib in Resources */ = {isa = PBXBuildFile; fileRef = 9B8D6FC513CF642600CFAECC /* MainWindow.xib */; };
		9B8D6FCD13CF642600CFAECC /* OverlayFunViewController.xib in Resources */ = {isa = PBXBuildFile; fileRef = 9B8D6FCB13CF642600CFAECC /* OverlayFunViewController.xib */; };
		9B8D6FDA13CF6DF500CFAECC /* Default.png in Resources */ = {isa = PBXBuildFile; fileRef = 9B8D6FD813CF6DF500CFAECC /* Default.png */; };
		9B8D6FDB13CF6DF500CFAECC /* Default@2x.png in Resources */ = {isa = PBXBuildFile; fileRef = 9B8D6FD913CF6DF500CFAECC /* Default@2x.png */; };
		9B8D6FE113CF6E0200CFAECC /* Icon-Small-50.png in Resources */ = {isa = PBXBuildFile; fileRef = 9B8D6FDC13CF6E0200CFAECC /* Icon-Small-50.png */; };
		9B8D6FE213CF6E0200CFAECC /* Icon-Small.png in Resources */ = {isa = PBXBuildFile; fileRef = 9B8D6FDD13CF6E0200CFAECC /* Icon-Small.png */; };
		9B8D6FE313CF6E0200CFAECC /* Icon-Small@2x.png in Resources */ = {isa = PBXBuildFile; fileRef = 9B8D6FDE13CF6E0200CFAECC /* Icon-Small@2x.png */; };
		9B8D6FE413CF6E0200CFAECC /* Icon.png in Resources */ = {isa = PBXBuildFile; fileRef = 9B8D6FDF13CF6E0200CFAECC /* Icon.png */; };
		9B8D6FE513CF6E0200CFAECC /* Icon@2x.png in Resources */ = {isa = PBXBuildFile; fileRef = 9B8D6FE013CF6E0200CFAECC /* Icon@2x.png */; };
		9B8D6FEE13CF6E6F00CFAECC /* OverlayFunAppDelegate.m in Sources */ = {isa = PBXBuildFile; fileRef = 9B8D6FE813CF6E6F00CFAECC /* OverlayFunAppDelegate.m */; };
		9B8D6FEF13CF6E6F00CFAECC /* HomeViewController.m in Sources */ = {isa = PBXBuildFile; fileRef = 9B8D6FEB13CF6E6F00CFAECC /* HomeViewController.m */; };
		9B8D6FF013CF6E6F00CFAECC /* OverlayFunViewController.m in Sources */ = {isa = PBXBuildFile; fileRef = 9B8D6FED13CF6E6F00CFAECC /* OverlayFunViewController.m */; };
		9B8D6FF413CF6E9F00CFAECC /* HomeViewController.xib in Resources */ = {isa = PBXBuildFile; fileRef = 9B8D6FF213CF6E9F00CFAECC /* HomeViewController.xib */; };
/* End PBXBuildFile section */

/* Begin PBXFileReference section */
		9B8D6FAF13CF642600CFAECC /* OverlayFun.app */ = {isa = PBXFileReference; explicitFileType = wrapper.application; includeInIndex = 0; path = OverlayFun.app; sourceTree = BUILT_PRODUCTS_DIR; };
		9B8D6FB313CF642600CFAECC /* UIKit.framework */ = {isa = PBXFileReference; lastKnownFileType = wrapper.framework; name = UIKit.framework; path = System/Library/Frameworks/UIKit.framework; sourceTree = SDKROOT; };
		9B8D6FB513CF642600CFAECC /* Foundation.framework */ = {isa = PBXFileReference; lastKnownFileType = wrapper.framework; name = Foundation.framework; path = System/Library/Frameworks/Foundation.framework; sourceTree = SDKROOT; };
		9B8D6FB713CF642600CFAECC /* CoreGraphics.framework */ = {isa = PBXFileReference; lastKnownFileType = wrapper.framework; name = CoreGraphics.framework; path = System/Library/Frameworks/CoreGraphics.framework; sourceTree = SDKROOT; };
		9B8D6FBB13CF642600CFAECC /* OverlayFun-Info.plist */ = {isa = PBXFileReference; lastKnownFileType = text.plist.xml; path = "OverlayFun-Info.plist"; sourceTree = "<group>"; };
		9B8D6FBD13CF642600CFAECC /* en */ = {isa = PBXFileReference; lastKnownFileType = text.plist.strings; name = en; path = en.lproj/InfoPlist.strings; sourceTree = "<group>"; };
		9B8D6FBF13CF642600CFAECC /* OverlayFun-Prefix.pch */ = {isa = PBXFileReference; lastKnownFileType = sourcecode.c.h; path = "OverlayFun-Prefix.pch"; sourceTree = "<group>"; };
		9B8D6FC013CF642600CFAECC /* main.m */ = {isa = PBXFileReference; lastKnownFileType = sourcecode.c.objc; path = main.m; sourceTree = "<group>"; };
		9B8D6FC613CF642600CFAECC /* en */ = {isa = PBXFileReference; lastKnownFileType = file.xib; name = en; path = en.lproj/MainWindow.xib; sourceTree = "<group>"; };
		9B8D6FCC13CF642600CFAECC /* en */ = {isa = PBXFileReference; lastKnownFileType = file.xib; name = en; path = en.lproj/OverlayFunViewController.xib; sourceTree = "<group>"; };
		9B8D6FD813CF6DF500CFAECC /* Default.png */ = {isa = PBXFileReference; lastKnownFileType = image.png; path = Default.png; sourceTree = "<group>"; };
		9B8D6FD913CF6DF500CFAECC /* Default@2x.png */ = {isa = PBXFileReference; lastKnownFileType = image.png; path = "Default@2x.png"; sourceTree = "<group>"; };
		9B8D6FDC13CF6E0200CFAECC /* Icon-Small-50.png */ = {isa = PBXFileReference; lastKnownFileType = image.png; path = "Icon-Small-50.png"; sourceTree = "<group>"; };
		9B8D6FDD13CF6E0200CFAECC /* Icon-Small.png */ = {isa = PBXFileReference; lastKnownFileType = image.png; path = "Icon-Small.png"; sourceTree = "<group>"; };
		9B8D6FDE13CF6E0200CFAECC /* Icon-Small@2x.png */ = {isa = PBXFileReference; lastKnownFileType = image.png; path = "Icon-Small@2x.png"; sourceTree = "<group>"; };
		9B8D6FDF13CF6E0200CFAECC /* Icon.png */ = {isa = PBXFileReference; lastKnownFileType = image.png; path = Icon.png; sourceTree = "<group>"; };
		9B8D6FE013CF6E0200CFAECC /* Icon@2x.png */ = {isa = PBXFileReference; lastKnownFileType = image.png; path = "Icon@2x.png"; sourceTree = "<group>"; };
		9B8D6FE713CF6E6F00CFAECC /* OverlayFunAppDelegate.h */ = {isa = PBXFileReference; fileEncoding = 4; lastKnownFileType = sourcecode.c.h; path = OverlayFunAppDelegate.h; sourceTree = "<group>"; };
		9B8D6FE813CF6E6F00CFAECC /* OverlayFunAppDelegate.m */ = {isa = PBXFileReference; fileEncoding = 4; lastKnownFileType = sourcecode.c.objc; path = OverlayFunAppDelegate.m; sourceTree = "<group>"; };
		9B8D6FEA13CF6E6F00CFAECC /* HomeViewController.h */ = {isa = PBXFileReference; fileEncoding = 4; lastKnownFileType = sourcecode.c.h; path = HomeViewController.h; sourceTree = "<group>"; };
		9B8D6FEB13CF6E6F00CFAECC /* HomeViewController.m */ = {isa = PBXFileReference; fileEncoding = 4; lastKnownFileType = sourcecode.c.objc; path = HomeViewController.m; sourceTree = "<group>"; };
		9B8D6FEC13CF6E6F00CFAECC /* OverlayFunViewController.h */ = {isa = PBXFileReference; fileEncoding = 4; lastKnownFileType = sourcecode.c.h; path = OverlayFunViewController.h; sourceTree = "<group>"; };
		9B8D6FED13CF6E6F00CFAECC /* OverlayFunViewController.m */ = {isa = PBXFileReference; fileEncoding = 4; lastKnownFileType = sourcecode.c.objc; path = OverlayFunViewController.m; sourceTree = "<group>"; };
		9B8D6FF313CF6E9F00CFAECC /* en */ = {isa = PBXFileReference; lastKnownFileType = file.xib; name = en; path = HomeViewController.xib; sourceTree = "<group>"; };
/* End PBXFileReference section */

/* Begin PBXFrameworksBuildPhase section */
		9B8D6FAC13CF642600CFAECC /* Frameworks */ = {
			isa = PBXFrameworksBuildPhase;
			buildActionMask = 2147483647;
			files = (
				9B8D6FB413CF642600CFAECC /* UIKit.framework in Frameworks */,
				9B8D6FB613CF642600CFAECC /* Foundation.framework in Frameworks */,
				9B8D6FB813CF642600CFAECC /* CoreGraphics.framework in Frameworks */,
			);
			runOnlyForDeploymentPostprocessing = 0;
		};
/* End PBXFrameworksBuildPhase section */

/* Begin PBXGroup section */
		9B8D6FA413CF642600CFAECC = {
			isa = PBXGroup;
			children = (
				9B8D6FB913CF642600CFAECC /* OverlayFun */,
				9B8D6FB213CF642600CFAECC /* Frameworks */,
				9B8D6FB013CF642600CFAECC /* Products */,
			);
			sourceTree = "<group>";
		};
		9B8D6FB013CF642600CFAECC /* Products */ = {
			isa = PBXGroup;
			children = (
				9B8D6FAF13CF642600CFAECC /* OverlayFun.app */,
			);
			name = Products;
			sourceTree = "<group>";
		};
		9B8D6FB213CF642600CFAECC /* Frameworks */ = {
			isa = PBXGroup;
			children = (
				9B8D6FB313CF642600CFAECC /* UIKit.framework */,
				9B8D6FB513CF642600CFAECC /* Foundation.framework */,
				9B8D6FB713CF642600CFAECC /* CoreGraphics.framework */,
			);
			name = Frameworks;
			sourceTree = "<group>";
		};
		9B8D6FB913CF642600CFAECC /* OverlayFun */ = {
			isa = PBXGroup;
			children = (
				9B8D6FF113CF6E7800CFAECC /* en.lproj */,
				9B8D6FE613CF6E6F00CFAECC /* Application */,
				9B8D6FE913CF6E6F00CFAECC /* Controllers */,
				9B8D6FBA13CF642600CFAECC /* Supporting Files */,
			);
			path = OverlayFun;
			sourceTree = "<group>";
		};
		9B8D6FBA13CF642600CFAECC /* Supporting Files */ = {
			isa = PBXGroup;
			children = (
				9B8D6FBB13CF642600CFAECC /* OverlayFun-Info.plist */,
				9B8D6FBF13CF642600CFAECC /* OverlayFun-Prefix.pch */,
				9B8D6FC013CF642600CFAECC /* main.m */,
				9B8D6FD813CF6DF500CFAECC /* Default.png */,
				9B8D6FD913CF6DF500CFAECC /* Default@2x.png */,
				9B8D6FDC13CF6E0200CFAECC /* Icon-Small-50.png */,
				9B8D6FDD13CF6E0200CFAECC /* Icon-Small.png */,
				9B8D6FDE13CF6E0200CFAECC /* Icon-Small@2x.png */,
				9B8D6FDF13CF6E0200CFAECC /* Icon.png */,
				9B8D6FE013CF6E0200CFAECC /* Icon@2x.png */,
			);
			name = "Supporting Files";
			sourceTree = "<group>";
		};
		9B8D6FE613CF6E6F00CFAECC /* Application */ = {
			isa = PBXGroup;
			children = (
				9B8D6FE713CF6E6F00CFAECC /* OverlayFunAppDelegate.h */,
				9B8D6FE813CF6E6F00CFAECC /* OverlayFunAppDelegate.m */,
			);
			path = Application;
			sourceTree = "<group>";
		};
		9B8D6FE913CF6E6F00CFAECC /* Controllers */ = {
			isa = PBXGroup;
			children = (
				9B8D6FEA13CF6E6F00CFAECC /* HomeViewController.h */,
				9B8D6FEB13CF6E6F00CFAECC /* HomeViewController.m */,
				9B8D6FEC13CF6E6F00CFAECC /* OverlayFunViewController.h */,
				9B8D6FED13CF6E6F00CFAECC /* OverlayFunViewController.m */,
			);
			path = Controllers;
			sourceTree = "<group>";
		};
		9B8D6FF113CF6E7800CFAECC /* en.lproj */ = {
			isa = PBXGroup;
			children = (
				9B8D6FF213CF6E9F00CFAECC /* HomeViewController.xib */,
				9B8D6FBC13CF642600CFAECC /* InfoPlist.strings */,
				9B8D6FC513CF642600CFAECC /* MainWindow.xib */,
				9B8D6FCB13CF642600CFAECC /* OverlayFunViewController.xib */,
			);
			path = en.lproj;
			sourceTree = "<group>";
		};
/* End PBXGroup section */

/* Begin PBXNativeTarget section */
		9B8D6FAE13CF642600CFAECC /* OverlayFun */ = {
			isa = PBXNativeTarget;
			buildConfigurationList = 9B8D6FD013CF642600CFAECC /* Build configuration list for PBXNativeTarget "OverlayFun" */;
			buildPhases = (
				9B8D6FAB13CF642600CFAECC /* Sources */,
				9B8D6FAC13CF642600CFAECC /* Frameworks */,
				9B8D6FAD13CF642600CFAECC /* Resources */,
			);
			buildRules = (
			);
			dependencies = (
			);
			name = OverlayFun;
			productName = OverlayFun;
			productReference = 9B8D6FAF13CF642600CFAECC /* OverlayFun.app */;
			productType = "com.apple.product-type.application";
		};
/* End PBXNativeTarget section */

/* Begin PBXProject section */
		9B8D6FA613CF642600CFAECC /* Project object */ = {
			isa = PBXProject;
			attributes = {
				ORGANIZATIONNAME = "Firefly Logic";
			};
			buildConfigurationList = 9B8D6FA913CF642600CFAECC /* Build configuration list for PBXProject "OverlayFun" */;
			compatibilityVersion = "Xcode 3.2";
			developmentRegion = English;
			hasScannedForEncodings = 0;
			knownRegions = (
				en,
			);
			mainGroup = 9B8D6FA413CF642600CFAECC;
			productRefGroup = 9B8D6FB013CF642600CFAECC /* Products */;
			projectDirPath = "";
			projectRoot = "";
			targets = (
				9B8D6FAE13CF642600CFAECC /* OverlayFun */,
			);
		};
/* End PBXProject section */

/* Begin PBXResourcesBuildPhase section */
		9B8D6FAD13CF642600CFAECC /* Resources */ = {
			isa = PBXResourcesBuildPhase;
			buildActionMask = 2147483647;
			files = (
				9B8D6FBE13CF642600CFAECC /* InfoPlist.strings in Resources */,
				9B8D6FC713CF642600CFAECC /* MainWindow.xib in Resources */,
				9B8D6FCD13CF642600CFAECC /* OverlayFunViewController.xib in Resources */,
				9B8D6FDA13CF6DF500CFAECC /* Default.png in Resources */,
				9B8D6FDB13CF6DF500CFAECC /* Default@2x.png in Resources */,
				9B8D6FE113CF6E0200CFAECC /* Icon-Small-50.png in Resources */,
				9B8D6FE213CF6E0200CFAECC /* Icon-Small.png in Resources */,
				9B8D6FE313CF6E0200CFAECC /* Icon-Small@2x.png in Resources */,
				9B8D6FE413CF6E0200CFAECC /* Icon.png in Resources */,
				9B8D6FE513CF6E0200CFAECC /* Icon@2x.png in Resources */,
				9B8D6FF413CF6E9F00CFAECC /* HomeViewController.xib in Resources */,
			);
			runOnlyForDeploymentPostprocessing = 0;
		};
/* End PBXResourcesBuildPhase section */

/* Begin PBXSourcesBuildPhase section */
		9B8D6FAB13CF642600CFAECC /* Sources */ = {
			isa = PBXSourcesBuildPhase;
			buildActionMask = 2147483647;
			files = (
				9B8D6FC113CF642600CFAECC /* main.m in Sources */,
				9B8D6FEE13CF6E6F00CFAECC /* OverlayFunAppDelegate.m in Sources */,
				9B8D6FEF13CF6E6F00CFAECC /* HomeViewController.m in Sources */,
				9B8D6FF013CF6E6F00CFAECC /* OverlayFunViewController.m in Sources */,
			);
			runOnlyForDeploymentPostprocessing = 0;
		};
/* End PBXSourcesBuildPhase section */

/* Begin PBXVariantGroup section */
		9B8D6FBC13CF642600CFAECC /* InfoPlist.strings */ = {
			isa = PBXVariantGroup;
			children = (
				9B8D6FBD13CF642600CFAECC /* en */,
			);
			name = InfoPlist.strings;
			path = ..;
			sourceTree = "<group>";
		};
		9B8D6FC513CF642600CFAECC /* MainWindow.xib */ = {
			isa = PBXVariantGroup;
			children = (
				9B8D6FC613CF642600CFAECC /* en */,
			);
			name = MainWindow.xib;
			path = ..;
			sourceTree = "<group>";
		};
		9B8D6FCB13CF642600CFAECC /* OverlayFunViewController.xib */ = {
			isa = PBXVariantGroup;
			children = (
				9B8D6FCC13CF642600CFAECC /* en */,
			);
			name = OverlayFunViewController.xib;
			path = ..;
			sourceTree = "<group>";
		};
		9B8D6FF213CF6E9F00CFAECC /* HomeViewController.xib */ = {
			isa = PBXVariantGroup;
			children = (
				9B8D6FF313CF6E9F00CFAECC /* en */,
			);
			name = HomeViewController.xib;
			sourceTree = "<group>";
		};
/* End PBXVariantGroup section */

/* Begin XCBuildConfiguration section */
		9B8D6FCE13CF642600CFAECC /* Debug */ = {
			isa = XCBuildConfiguration;
			buildSettings = {
				ARCHS = "$(ARCHS_STANDARD_32_BIT)";
				"CODE_SIGN_IDENTITY[sdk=iphoneos*]" = "iPhone Developer";
				GCC_C_LANGUAGE_STANDARD = gnu99;
				GCC_OPTIMIZATION_LEVEL = 0;
				GCC_PREPROCESSOR_DEFINITIONS = DEBUG;
				GCC_SYMBOLS_PRIVATE_EXTERN = NO;
				GCC_VERSION = com.apple.compilers.llvmgcc42;
				GCC_WARN_ABOUT_RETURN_TYPE = YES;
				GCC_WARN_UNUSED_VARIABLE = YES;
				IPHONEOS_DEPLOYMENT_TARGET = 4.3;
				SDKROOT = iphoneos;
			};
			name = Debug;
		};
		9B8D6FCF13CF642600CFAECC /* Release */ = {
			isa = XCBuildConfiguration;
			buildSettings = {
				ARCHS = "$(ARCHS_STANDARD_32_BIT)";
				"CODE_SIGN_IDENTITY[sdk=iphoneos*]" = "iPhone Developer";
				GCC_C_LANGUAGE_STANDARD = gnu99;
				GCC_VERSION = com.apple.compilers.llvmgcc42;
				GCC_WARN_ABOUT_RETURN_TYPE = YES;
				GCC_WARN_UNUSED_VARIABLE = YES;
				IPHONEOS_DEPLOYMENT_TARGET = 4.3;
				OTHER_CFLAGS = "-DNS_BLOCK_ASSERTIONS=1";
				SDKROOT = iphoneos;
			};
			name = Release;
		};
		9B8D6FD113CF642600CFAECC /* Debug */ = {
			isa = XCBuildConfiguration;
			buildSettings = {
				ALWAYS_SEARCH_USER_PATHS = NO;
				COPY_PHASE_STRIP = NO;
				GCC_DYNAMIC_NO_PIC = NO;
				GCC_PRECOMPILE_PREFIX_HEADER = YES;
				GCC_PREFIX_HEADER = "OverlayFun/OverlayFun-Prefix.pch";
				INFOPLIST_FILE = "OverlayFun/OverlayFun-Info.plist";
				PRODUCT_NAME = "$(TARGET_NAME)";
				WRAPPER_EXTENSION = app;
			};
			name = Debug;
		};
		9B8D6FD213CF642600CFAECC /* Release */ = {
			isa = XCBuildConfiguration;
			buildSettings = {
				ALWAYS_SEARCH_USER_PATHS = NO;
				COPY_PHASE_STRIP = YES;
				GCC_PRECOMPILE_PREFIX_HEADER = YES;
				GCC_PREFIX_HEADER = "OverlayFun/OverlayFun-Prefix.pch";
				INFOPLIST_FILE = "OverlayFun/OverlayFun-Info.plist";
				PRODUCT_NAME = "$(TARGET_NAME)";
				VALIDATE_PRODUCT = YES;
				WRAPPER_EXTENSION = app;
			};
			name = Release;
		};
/* End XCBuildConfiguration section */

/* Begin XCConfigurationList section */
		9B8D6FA913CF642600CFAECC /* Build configuration list for PBXProject "OverlayFun" */ = {
			isa = XCConfigurationList;
			buildConfigurations = (
				9B8D6FCE13CF642600CFAECC /* Debug */,
				9B8D6FCF13CF642600CFAECC /* Release */,
			);
			defaultConfigurationIsVisible = 0;
			defaultConfigurationName = Release;
		};
		9B8D6FD013CF642600CFAECC /* Build configuration list for PBXNativeTarget "OverlayFun" */ = {
			isa = XCConfigurationList;
			buildConfigurations = (
				9B8D6FD113CF642600CFAECC /* Debug */,
				9B8D6FD213CF642600CFAECC /* Release */,
			);
			defaultConfigurationIsVisible = 0;
		};
/* End XCConfigurationList section */
	};
	rootObject = 9B8D6FA613CF642600CFAECC /* Project object */;
}
